<?xml version="1.0" encoding="utf-8"?>
<Project ToolsVersion="4.0" xmlns="http://schemas.microsoft.com/developer/msbuild/2003">
  <ItemGroup>
    <Filter Include="src">
      <UniqueIdentifier>{4FC737F1-C7A5-4376-A066-2A32D752A2FF}</UniqueIdentifier>
      <Extensions>cpp;c;cc;cxx;def;odl;idl;hpj;bat;asm;asmx</Extensions>
    </Filter>
    <Filter Include="include">
      <UniqueIdentifier>{f46634e5-c098-41a0-afb3-45afb6a53593}</UniqueIdentifier>
    </Filter>
    <Filter Include="include\cglm">
      <UniqueIdentifier>{b982cbd3-03d9-4557-bed8-8224e4d95945}</UniqueIdentifier>
    </Filter>
    <Filter Include="include\cglm\call">
      <UniqueIdentifier>{6a2a4ebb-ac68-4ed6-a4a1-f6d2243814e9}</UniqueIdentifier>
    </Filter>
    <Filter Include="include\cglm\simd">
      <UniqueIdentifier>{4bcb64d3-e522-48f7-85ef-3ddfacf50874}</UniqueIdentifier>
    </Filter>
    <Filter Include="include\cglm\simd\sse2">
      <UniqueIdentifier>{ccf6244c-614c-4016-a5d9-8a78ffc7765a}</UniqueIdentifier>
    </Filter>
    <Filter Include="include\cglm\simd\avx">
      <UniqueIdentifier>{8607b04c-6eb6-49af-8ac2-e534ba78bf76}</UniqueIdentifier>
    </Filter>
    <Filter Include="include\cglm\simd\neon">
      <UniqueIdentifier>{fb97f276-fe14-47ba-8a9f-01032f065a19}</UniqueIdentifier>
    </Filter>
    <Filter Include="include\cglm\struct">
      <UniqueIdentifier>{0b5febe7-a88d-4330-94ae-305897a5e957}</UniqueIdentifier>
    </Filter>
    <Filter Include="include\cglm\clipspace">
      <UniqueIdentifier>{8044a657-123d-4a0e-8de1-f348fad7dadb}</UniqueIdentifier>
    </Filter>
    <Filter Include="include\cglm\call\clipspace">
      <UniqueIdentifier>{842a48fc-5c7e-4951-9623-64af96dfb95a}</UniqueIdentifier>
    </Filter>
    <Filter Include="include\cglm\struct\clipspace">
      <UniqueIdentifier>{86101de1-0722-4c88-92a0-e6d71158354e}</UniqueIdentifier>
    </Filter>
    <Filter Include="src\clipspace">
      <UniqueIdentifier>{98a166bb-ba2d-4649-a20f-ba6bf4ce6383}</UniqueIdentifier>
    </Filter>
  </ItemGroup>
  <ItemGroup>
    <ClCompile Include="..\src\affine.c">
      <Filter>src</Filter>
    </ClCompile>
    <ClCompile Include="..\src\cam.c">
      <Filter>src</Filter>
    </ClCompile>
    <ClCompile Include="..\src\euler.c">
      <Filter>src</Filter>
    </ClCompile>
    <ClCompile Include="..\src\io.c">
      <Filter>src</Filter>
    </ClCompile>
    <ClCompile Include="..\src\mat3.c">
      <Filter>src</Filter>
    </ClCompile>
    <ClCompile Include="..\src\mat4.c">
      <Filter>src</Filter>
    </ClCompile>
    <ClCompile Include="..\src\quat.c">
      <Filter>src</Filter>
    </ClCompile>
    <ClCompile Include="..\src\vec3.c">
      <Filter>src</Filter>
    </ClCompile>
    <ClCompile Include="..\src\vec4.c">
      <Filter>src</Filter>
    </ClCompile>
    <ClCompile Include="..\src\frustum.c">
      <Filter>src</Filter>
    </ClCompile>
    <ClCompile Include="..\src\plane.c">
      <Filter>src</Filter>
    </ClCompile>
    <ClCompile Include="..\src\box.c">
      <Filter>src</Filter>
    </ClCompile>
    <ClCompile Include="..\src\project.c">
      <Filter>src</Filter>
    </ClCompile>
    <ClCompile Include="..\src\sphere.c">
      <Filter>src</Filter>
    </ClCompile>
    <ClCompile Include="..\src\ease.c">
      <Filter>src</Filter>
    </ClCompile>
    <ClCompile Include="..\src\curve.c">
      <Filter>src</Filter>
    </ClCompile>
    <ClCompile Include="..\src\bezier.c">
      <Filter>src</Filter>
    </ClCompile>
    <ClCompile Include="..\src\mat2.c">
      <Filter>src</Filter>
    </ClCompile>
    <ClCompile Include="..\src\vec2.c">
      <Filter>src</Filter>
    </ClCompile>
    <ClCompile Include="..\src\ray.c">
      <Filter>src</Filter>
    </ClCompile>
    <ClCompile Include="..\src\affine2d.c">
      <Filter>src</Filter>
    </ClCompile>
    <ClCompile Include="..\src\clipspace\ortho_lh_no.c">
      <Filter>src\clipspace</Filter>
    </ClCompile>
    <ClCompile Include="..\src\clipspace\ortho_lh_zo.c">
      <Filter>src\clipspace</Filter>
    </ClCompile>
    <ClCompile Include="..\src\clipspace\ortho_rh_no.c">
      <Filter>src\clipspace</Filter>
    </ClCompile>
    <ClCompile Include="..\src\clipspace\ortho_rh_zo.c">
      <Filter>src\clipspace</Filter>
    </ClCompile>
    <ClCompile Include="..\src\clipspace\persp_lh_no.c">
      <Filter>src\clipspace</Filter>
    </ClCompile>
    <ClCompile Include="..\src\clipspace\persp_lh_zo.c">
      <Filter>src\clipspace</Filter>
    </ClCompile>
    <ClCompile Include="..\src\clipspace\persp_rh_no.c">
      <Filter>src\clipspace</Filter>
    </ClCompile>
    <ClCompile Include="..\src\clipspace\persp_rh_zo.c">
      <Filter>src\clipspace</Filter>
    </ClCompile>
    <ClCompile Include="..\src\clipspace\view_lh_no.c">
      <Filter>src\clipspace</Filter>
    </ClCompile>
    <ClCompile Include="..\src\clipspace\view_lh_zo.c">
      <Filter>src\clipspace</Filter>
    </ClCompile>
    <ClCompile Include="..\src\clipspace\view_rh_no.c">
      <Filter>src\clipspace</Filter>
    </ClCompile>
    <ClCompile Include="..\src\clipspace\view_rh_zo.c">
      <Filter>src\clipspace</Filter>
    </ClCompile>
    <ClCompile Include="..\src\clipspace\project_no.c">
      <Filter>src\clipspace</Filter>
    </ClCompile>
    <ClCompile Include="..\src\clipspace\project_zo.c">
      <Filter>src\clipspace</Filter>
    </ClCompile>
  </ItemGroup>
  <ItemGroup>
    <ClInclude Include="..\src\config.h">
      <Filter>src</Filter>
    </ClInclude>
    <ClInclude Include="..\include\cglm\call\affine.h">
      <Filter>include\cglm\call</Filter>
    </ClInclude>
    <ClInclude Include="..\include\cglm\call\cam.h">
      <Filter>include\cglm\call</Filter>
    </ClInclude>
    <ClInclude Include="..\include\cglm\call\euler.h">
      <Filter>include\cglm\call</Filter>
    </ClInclude>
    <ClInclude Include="..\include\cglm\call\io.h">
      <Filter>include\cglm\call</Filter>
    </ClInclude>
    <ClInclude Include="..\include\cglm\call\mat3.h">
      <Filter>include\cglm\call</Filter>
    </ClInclude>
    <ClInclude Include="..\include\cglm\call\mat4.h">
      <Filter>include\cglm\call</Filter>
    </ClInclude>
    <ClInclude Include="..\include\cglm\call\quat.h">
      <Filter>include\cglm\call</Filter>
    </ClInclude>
    <ClInclude Include="..\include\cglm\call\vec3.h">
      <Filter>include\cglm\call</Filter>
    </ClInclude>
    <ClInclude Include="..\include\cglm\call\vec4.h">
      <Filter>include\cglm\call</Filter>
    </ClInclude>
    <ClInclude Include="..\include\cglm\call\ray.h">
      <Filter>include\cglm\call</Filter>
    </ClInclude>
    <ClInclude Include="..\include\cglm\simd\avx\affine.h">
      <Filter>include\cglm\simd\avx</Filter>
    </ClInclude>
    <ClInclude Include="..\include\cglm\simd\avx\mat4.h">
      <Filter>include\cglm\simd\avx</Filter>
    </ClInclude>
    <ClInclude Include="..\include\cglm\simd\neon\mat4.h">
      <Filter>include\cglm\simd\neon</Filter>
    </ClInclude>
    <ClInclude Include="..\include\cglm\simd\sse2\affine.h">
      <Filter>include\cglm\simd\sse2</Filter>
    </ClInclude>
    <ClInclude Include="..\include\cglm\simd\sse2\mat3.h">
      <Filter>include\cglm\simd\sse2</Filter>
    </ClInclude>
    <ClInclude Include="..\include\cglm\simd\sse2\mat4.h">
      <Filter>include\cglm\simd\sse2</Filter>
    </ClInclude>
    <ClInclude Include="..\include\cglm\simd\sse2\quat.h">
      <Filter>include\cglm\simd\sse2</Filter>
    </ClInclude>
    <ClInclude Include="..\include\cglm\simd\intrin.h">
      <Filter>include\cglm\simd</Filter>
    </ClInclude>
    <ClInclude Include="..\include\cglm\affine.h">
      <Filter>include\cglm</Filter>
    </ClInclude>
    <ClInclude Include="..\include\cglm\affine-mat.h">
      <Filter>include\cglm</Filter>
    </ClInclude>
    <ClInclude Include="..\include\cglm\call.h">
      <Filter>include\cglm</Filter>
    </ClInclude>
    <ClInclude Include="..\include\cglm\cam.h">
      <Filter>include\cglm</Filter>
    </ClInclude>
    <ClInclude Include="..\include\cglm\cglm.h">
      <Filter>include\cglm</Filter>
    </ClInclude>
    <ClInclude Include="..\include\cglm\common.h">
      <Filter>include\cglm</Filter>
    </ClInclude>
    <ClInclude Include="..\include\cglm\euler.h">
      <Filter>include\cglm</Filter>
    </ClInclude>
    <ClInclude Include="..\include\cglm\io.h">
      <Filter>include\cglm</Filter>
    </ClInclude>
    <ClInclude Include="..\include\cglm\mat3.h">
      <Filter>include\cglm</Filter>
    </ClInclude>
    <ClInclude Include="..\include\cglm\mat4.h">
      <Filter>include\cglm</Filter>
    </ClInclude>
    <ClInclude Include="..\include\cglm\quat.h">
      <Filter>include\cglm</Filter>
    </ClInclude>
    <ClInclude Include="..\include\cglm\types.h">
      <Filter>include\cglm</Filter>
    </ClInclude>
    <ClInclude Include="..\include\cglm\util.h">
      <Filter>include\cglm</Filter>
    </ClInclude>
    <ClInclude Include="..\include\cglm\vec3.h">
      <Filter>include\cglm</Filter>
    </ClInclude>
    <ClInclude Include="..\include\cglm\vec3-ext.h">
      <Filter>include\cglm</Filter>
    </ClInclude>
    <ClInclude Include="..\include\cglm\vec4.h">
      <Filter>include\cglm</Filter>
    </ClInclude>
    <ClInclude Include="..\include\cglm\vec4-ext.h">
      <Filter>include\cglm</Filter>
    </ClInclude>
    <ClInclude Include="..\include\cglm\version.h">
      <Filter>include\cglm</Filter>
    </ClInclude>
    <ClInclude Include="..\include\cglm\call\frustum.h">
      <Filter>include\cglm\call</Filter>
    </ClInclude>
    <ClInclude Include="..\include\cglm\call\plane.h">
      <Filter>include\cglm\call</Filter>
    </ClInclude>
    <ClInclude Include="..\include\cglm\frustum.h">
      <Filter>include\cglm</Filter>
    </ClInclude>
    <ClInclude Include="..\include\cglm\plane.h">
      <Filter>include\cglm</Filter>
    </ClInclude>
    <ClInclude Include="..\include\cglm\call\box.h">
      <Filter>include\cglm\call</Filter>
    </ClInclude>
    <ClInclude Include="..\include\cglm\box.h">
      <Filter>include\cglm</Filter>
    </ClInclude>
    <ClInclude Include="..\include\cglm\color.h">
      <Filter>include\cglm</Filter>
    </ClInclude>
    <ClInclude Include="..\include\cglm\project.h">
      <Filter>include\cglm</Filter>
    </ClInclude>
    <ClInclude Include="..\include\cglm\call\project.h">
      <Filter>include\cglm\call</Filter>
    </ClInclude>
    <ClInclude Include="..\include\cglm\call\sphere.h">
      <Filter>include\cglm\call</Filter>
    </ClInclude>
    <ClInclude Include="..\include\cglm\sphere.h">
      <Filter>include\cglm</Filter>
    </ClInclude>
    <ClInclude Include="..\include\cglm\call\ease.h">
      <Filter>include\cglm\call</Filter>
    </ClInclude>
    <ClInclude Include="..\include\cglm\ease.h">
      <Filter>include\cglm</Filter>
    </ClInclude>
    <ClInclude Include="..\include\cglm\ray.h">
      <Filter>include\cglm</Filter>
    </ClInclude>
    <ClInclude Include="..\include\cglm\simd\arm.h">
      <Filter>include\cglm\simd</Filter>
    </ClInclude>
    <ClInclude Include="..\include\cglm\simd\x86.h">
      <Filter>include\cglm\simd</Filter>
    </ClInclude>
    <ClInclude Include="..\include\cglm\call\curve.h">
      <Filter>include\cglm\call</Filter>
    </ClInclude>
    <ClInclude Include="..\include\cglm\curve.h">
      <Filter>include\cglm</Filter>
    </ClInclude>
    <ClInclude Include="..\include\cglm\bezier.h">
      <Filter>include\cglm</Filter>
    </ClInclude>
    <ClInclude Include="..\include\cglm\call\bezier.h">
      <Filter>include\cglm\call</Filter>
    </ClInclude>
    <ClInclude Include="..\include\cglm\vec2.h">
      <Filter>include\cglm</Filter>
    </ClInclude>
    <ClInclude Include="..\include\cglm\struct\affine.h">
      <Filter>include\cglm\struct</Filter>
    </ClInclude>
    <ClInclude Include="..\include\cglm\struct\box.h">
      <Filter>include\cglm\struct</Filter>
    </ClInclude>
    <ClInclude Include="..\include\cglm\struct\cam.h">
      <Filter>include\cglm\struct</Filter>
    </ClInclude>
    <ClInclude Include="..\include\cglm\struct\color.h">
      <Filter>include\cglm\struct</Filter>
    </ClInclude>
    <ClInclude Include="..\include\cglm\struct\curve.h">
      <Filter>include\cglm\struct</Filter>
    </ClInclude>
    <ClInclude Include="..\include\cglm\struct\euler.h">
      <Filter>include\cglm\struct</Filter>
    </ClInclude>
    <ClInclude Include="..\include\cglm\struct\frustum.h">
      <Filter>include\cglm\struct</Filter>
    </ClInclude>
    <ClInclude Include="..\include\cglm\struct\io.h">
      <Filter>include\cglm\struct</Filter>
    </ClInclude>
    <ClInclude Include="..\include\cglm\struct\mat3.h">
      <Filter>include\cglm\struct</Filter>
    </ClInclude>
    <ClInclude Include="..\include\cglm\struct\mat4.h">
      <Filter>include\cglm\struct</Filter>
    </ClInclude>
    <ClInclude Include="..\include\cglm\struct\plane.h">
      <Filter>include\cglm\struct</Filter>
    </ClInclude>
    <ClInclude Include="..\include\cglm\struct\project.h">
      <Filter>include\cglm\struct</Filter>
    </ClInclude>
    <ClInclude Include="..\include\cglm\struct\quat.h">
      <Filter>include\cglm\struct</Filter>
    </ClInclude>
    <ClInclude Include="..\include\cglm\struct\sphere.h">
      <Filter>include\cglm\struct</Filter>
    </ClInclude>
    <ClInclude Include="..\include\cglm\struct\vec3.h">
      <Filter>include\cglm\struct</Filter>
    </ClInclude>
    <ClInclude Include="..\include\cglm\struct\vec3-ext.h">
      <Filter>include\cglm\struct</Filter>
    </ClInclude>
    <ClInclude Include="..\include\cglm\struct\vec4.h">
      <Filter>include\cglm\struct</Filter>
    </ClInclude>
    <ClInclude Include="..\include\cglm\struct\vec4-ext.h">
      <Filter>include\cglm\struct</Filter>
    </ClInclude>
    <ClInclude Include="..\include\cglm\struct.h">
      <Filter>include\cglm</Filter>
    </ClInclude>
    <ClInclude Include="..\include\cglm\types-struct.h">
      <Filter>include\cglm</Filter>
    </ClInclude>
    <ClInclude Include="..\include\cglm\call\mat2.h">
      <Filter>include\cglm\call</Filter>
    </ClInclude>
    <ClInclude Include="..\include\cglm\call\vec2.h">
      <Filter>include\cglm\call</Filter>
    </ClInclude>
    <ClInclude Include="..\include\cglm\struct\mat2.h">
      <Filter>include\cglm\struct</Filter>
    </ClInclude>
    <ClInclude Include="..\include\cglm\applesimd.h">
      <Filter>include\cglm</Filter>
    </ClInclude>
    <ClInclude Include="..\include\cglm\mat2.h">
      <Filter>include\cglm</Filter>
    </ClInclude>
    <ClInclude Include="..\include\cglm\vec2-ext.h">
      <Filter>include\cglm</Filter>
    </ClInclude>
    <ClInclude Include="..\include\cglm\struct\vec2.h">
      <Filter>include\cglm\struct</Filter>
    </ClInclude>
    <ClInclude Include="..\include\cglm\struct\vec2-ext.h">
      <Filter>include\cglm\struct</Filter>
    </ClInclude>
    <ClInclude Include="..\include\cglm\simd\sse2\mat2.h">
      <Filter>include\cglm\simd\sse2</Filter>
    </ClInclude>
    <ClInclude Include="..\include\cglm\call\affine2d.h">
      <Filter>include\cglm\call</Filter>
    </ClInclude>
    <ClInclude Include="..\include\cglm\affine2d.h">
      <Filter>include\cglm</Filter>
    </ClInclude>
    <ClInclude Include="..\include\cglm\struct\affine2d.h">
      <Filter>include\cglm\struct</Filter>
    </ClInclude>
    <ClInclude Include="..\include\cglm\simd\neon\affine.h">
      <Filter>include\cglm\simd\neon</Filter>
    </ClInclude>
    <ClInclude Include="..\include\cglm\simd\neon\mat2.h">
      <Filter>include\cglm\simd\neon</Filter>
    </ClInclude>
    <ClInclude Include="..\include\cglm\simd\neon\quat.h">
      <Filter>include\cglm\simd\neon</Filter>
    </ClInclude>
    <ClInclude Include="..\include\cglm\clipspace\ortho_lh_no.h">
      <Filter>include\cglm\clipspace</Filter>
    </ClInclude>
    <ClInclude Include="..\include\cglm\clipspace\ortho_lh_zo.h">
      <Filter>include\cglm\clipspace</Filter>
    </ClInclude>
    <ClInclude Include="..\include\cglm\clipspace\ortho_rh_no.h">
      <Filter>include\cglm\clipspace</Filter>
    </ClInclude>
    <ClInclude Include="..\include\cglm\clipspace\ortho_rh_zo.h">
      <Filter>include\cglm\clipspace</Filter>
    </ClInclude>
    <ClInclude Include="..\include\cglm\clipspace\persp.h">
      <Filter>include\cglm\clipspace</Filter>
    </ClInclude>
    <ClInclude Include="..\include\cglm\clipspace\persp_lh_no.h">
      <Filter>include\cglm\clipspace</Filter>
    </ClInclude>
    <ClInclude Include="..\include\cglm\clipspace\persp_lh_zo.h">
      <Filter>include\cglm\clipspace</Filter>
    </ClInclude>
    <ClInclude Include="..\include\cglm\clipspace\persp_rh_no.h">
      <Filter>include\cglm\clipspace</Filter>
    </ClInclude>
    <ClInclude Include="..\include\cglm\clipspace\persp_rh_zo.h">
      <Filter>include\cglm\clipspace</Filter>
    </ClInclude>
    <ClInclude Include="..\include\cglm\clipspace\view_lh.h">
      <Filter>include\cglm\clipspace</Filter>
    </ClInclude>
    <ClInclude Include="..\include\cglm\clipspace\view_lh_no.h">
      <Filter>include\cglm\clipspace</Filter>
    </ClInclude>
    <ClInclude Include="..\include\cglm\clipspace\view_lh_zo.h">
      <Filter>include\cglm\clipspace</Filter>
    </ClInclude>
    <ClInclude Include="..\include\cglm\clipspace\view_rh.h">
      <Filter>include\cglm\clipspace</Filter>
    </ClInclude>
    <ClInclude Include="..\include\cglm\clipspace\view_rh_no.h">
      <Filter>include\cglm\clipspace</Filter>
    </ClInclude>
    <ClInclude Include="..\include\cglm\clipspace\view_rh_zo.h">
      <Filter>include\cglm\clipspace</Filter>
    </ClInclude>
    <ClInclude Include="..\include\cglm\call\clipspace\ortho_lh_no.h">
      <Filter>include\cglm\call\clipspace</Filter>
    </ClInclude>
    <ClInclude Include="..\include\cglm\call\clipspace\ortho_lh_zo.h">
      <Filter>include\cglm\call\clipspace</Filter>
    </ClInclude>
    <ClInclude Include="..\include\cglm\call\clipspace\ortho_rh_no.h">
      <Filter>include\cglm\call\clipspace</Filter>
    </ClInclude>
    <ClInclude Include="..\include\cglm\call\clipspace\ortho_rh_zo.h">
      <Filter>include\cglm\call\clipspace</Filter>
    </ClInclude>
    <ClInclude Include="..\include\cglm\call\clipspace\persp_lh_no.h">
      <Filter>include\cglm\call\clipspace</Filter>
    </ClInclude>
    <ClInclude Include="..\include\cglm\call\clipspace\persp_lh_zo.h">
      <Filter>include\cglm\call\clipspace</Filter>
    </ClInclude>
    <ClInclude Include="..\include\cglm\call\clipspace\persp_rh_no.h">
      <Filter>include\cglm\call\clipspace</Filter>
    </ClInclude>
    <ClInclude Include="..\include\cglm\call\clipspace\persp_rh_zo.h">
      <Filter>include\cglm\call\clipspace</Filter>
    </ClInclude>
    <ClInclude Include="..\include\cglm\call\clipspace\view_lh_no.h">
      <Filter>include\cglm\call\clipspace</Filter>
    </ClInclude>
    <ClInclude Include="..\include\cglm\call\clipspace\view_lh_zo.h">
      <Filter>include\cglm\call\clipspace</Filter>
    </ClInclude>
    <ClInclude Include="..\include\cglm\call\clipspace\view_rh_no.h">
      <Filter>include\cglm\call\clipspace</Filter>
    </ClInclude>
    <ClInclude Include="..\include\cglm\call\clipspace\view_rh_zo.h">
      <Filter>include\cglm\call\clipspace</Filter>
    </ClInclude>
    <ClInclude Include="..\include\cglm\struct\clipspace\ortho_lh_no.h">
      <Filter>include\cglm\struct\clipspace</Filter>
    </ClInclude>
    <ClInclude Include="..\include\cglm\struct\clipspace\ortho_lh_zo.h">
      <Filter>include\cglm\struct\clipspace</Filter>
    </ClInclude>
    <ClInclude Include="..\include\cglm\struct\clipspace\ortho_rh_no.h">
      <Filter>include\cglm\struct\clipspace</Filter>
    </ClInclude>
    <ClInclude Include="..\include\cglm\struct\clipspace\ortho_rh_zo.h">
      <Filter>include\cglm\struct\clipspace</Filter>
    </ClInclude>
    <ClInclude Include="..\include\cglm\struct\clipspace\persp_lh_no.h">
      <Filter>include\cglm\struct\clipspace</Filter>
    </ClInclude>
    <ClInclude Include="..\include\cglm\struct\clipspace\persp_lh_zo.h">
      <Filter>include\cglm\struct\clipspace</Filter>
    </ClInclude>
    <ClInclude Include="..\include\cglm\struct\clipspace\persp_rh_no.h">
      <Filter>include\cglm\struct\clipspace</Filter>
    </ClInclude>
    <ClInclude Include="..\include\cglm\struct\clipspace\persp_rh_zo.h">
      <Filter>include\cglm\struct\clipspace</Filter>
    </ClInclude>
    <ClInclude Include="..\include\cglm\struct\clipspace\view_lh_no.h">
      <Filter>include\cglm\struct\clipspace</Filter>
    </ClInclude>
    <ClInclude Include="..\include\cglm\struct\clipspace\view_lh_zo.h">
      <Filter>include\cglm\struct\clipspace</Filter>
    </ClInclude>
    <ClInclude Include="..\include\cglm\struct\clipspace\view_rh_no.h">
      <Filter>include\cglm\struct\clipspace</Filter>
    </ClInclude>
    <ClInclude Include="..\include\cglm\struct\clipspace\view_rh_zo.h">
      <Filter>include\cglm\struct\clipspace</Filter>
    </ClInclude>
    <ClInclude Include="..\include\cglm\clipspace\project_no.h">
      <Filter>include\cglm\clipspace</Filter>
    </ClInclude>
    <ClInclude Include="..\include\cglm\clipspace\project_zo.h">
      <Filter>include\cglm\clipspace</Filter>
    </ClInclude>
    <ClInclude Include="..\include\cglm\call\clipspace\project_no.h">
      <Filter>include\cglm\call\clipspace</Filter>
    </ClInclude>
    <ClInclude Include="..\include\cglm\call\clipspace\project_zo.h">
      <Filter>include\cglm\call\clipspace</Filter>
    </ClInclude>
  </ItemGroup>
</Project>